<Solution>
  <Project Path="Part1.1/Part1.1.csproj" />
  <Project Path="Part1.2/Part1.2.csproj" />
  <Project Path="Part1.3/Part1.3.csproj" />
  <Project Path="Part1.4/Part1.4.csproj" />
  <Project Path="Part2.1/Part2.1.csproj" Id="052304a9-ad42-4468-b6b5-c062501779f1" />
  <Project Path="Part2.2/Part2.2.csproj" Id="e0331918-7cf5-434f-989b-44375198aed1" />
  <Project Path="Part2.4.1/Part2.4.1.csproj" Id="b1b36b79-3d1b-461f-b1ab-a20ef0503d61" />
  <Project Path="Part2.4/Part2.4.csproj" Id="dc6ff045-cc96-4bba-823c-88432340c77c" />
  <Project Path="Part3.1/Part3.1.csproj" Id="9d8f82ca-592a-4767-8a68-06cef1d94bf7" />
  <Project Path="Part3.3/Part3.3.csproj" Id="3411f262-59a0-45eb-a658-7ae57081bb06" />
</Solution>
